
Microsoft Visual Studio Solution File, Format Version 12.00
# Visual Studio Version 17
VisualStudioVersion = 17.0.31903.59
MinimumVisualStudioVersion = 10.0.40219.1
Project("{FAE04EC0-301F-11D3-BF4B-00C04F79EFBC}") = "VaccineAssist.Desktop", "VaccineAssist.Desktop\VaccineAssist.Desktop.csproj", "{DC2AB6F3-C5AC-4BCD-87DC-00A3521FB074}"
EndProject
Project("{FAE04EC0-301F-11D3-BF4B-00C04F79EFBC}") = "VaccineAssist.Desktop.Tests", "VaccineAssist.Desktop.Tests\VaccineAssist.Desktop.Tests.csproj", "{BC06FE0B-E1B4-4EFF-90BF-386838FC2C2D}"
EndProject
Global
	GlobalSection(SolutionConfigurationPlatforms) = preSolution
		Debug|Any CPU = Debug|Any CPU
		Release|Any CPU = Release|Any CPU
	EndGlobalSection
	GlobalSection(ProjectConfigurationPlatforms) = postSolution
		{DC2AB6F3-C5AC-4BCD-87DC-00A3521FB074}.Debug|Any CPU.ActiveCfg = Debug|Any CPU
		{DC2AB6F3-C5AC-4BCD-87DC-00A3521FB074}.Debug|Any CPU.Build.0 = Debug|Any CPU
		{DC2AB6F3-C5AC-4BCD-87DC-00A3521FB074}.Release|Any CPU.ActiveCfg = Release|Any CPU
		{DC2AB6F3-C5AC-4BCD-87DC-00A3521FB074}.Release|Any CPU.Build.0 = Release|Any CPU
		{BC06FE0B-E1B4-4EFF-90BF-386838FC2C2D}.Debug|Any CPU.ActiveCfg = Debug|Any CPU
		{BC06FE0B-E1B4-4EFF-90BF-386838FC2C2D}.Debug|Any CPU.Build.0 = Debug|Any CPU
		{BC06FE0B-E1B4-4EFF-90BF-386838FC2C2D}.Release|Any CPU.ActiveCfg = Release|Any CPU
		{BC06FE0B-E1B4-4EFF-90BF-386838FC2C2D}.Release|Any CPU.Build.0 = Release|Any CPU
	EndGlobalSection
EndGlobal
